
Microsoft Visual Studio Solution File, Format Version 12.00
# Visual Studio 15
VisualStudioVersion = 15.0.27004.2006
MinimumVisualStudioVersion = 10.0.40219.1
Project("{FAE04EC0-301F-11D3-BF4B-00C04F79EFBC}") = "ProContentDialog", "ProContentDialog\ProContentDialog.csproj", "{18C71DB9-CE2B-430E-9BBE-12B8D7233FD7}"
EndProject
Project("{FAE04EC0-301F-11D3-BF4B-00C04F79EFBC}") = "ProContentDialog.UI", "ProContentDialog.UI\ProContentDialog.UI.csproj", "{E7A11A14-E9E5-4D40-83BD-36B6441A0BD4}"
EndProject
Global
	GlobalSection(SolutionConfigurationPlatforms) = preSolution
		Debug|Any CPU = Debug|Any CPU
		Debug|ARM = Debug|ARM
		Debug|x64 = Debug|x64
		Debug|x86 = Debug|x86
		Release|Any CPU = Release|Any CPU
		Release|ARM = Release|ARM
		Release|x64 = Release|x64
		Release|x86 = Release|x86
	EndGlobalSection
	GlobalSection(ProjectConfigurationPlatforms) = postSolution
		{18C71DB9-CE2B-430E-9BBE-12B8D7233FD7}.Debug|Any CPU.ActiveCfg = Debug|x86
		{18C71DB9-CE2B-430E-9BBE-12B8D7233FD7}.Debug|ARM.ActiveCfg = Debug|ARM
		{18C71DB9-CE2B-430E-9BBE-12B8D7233FD7}.Debug|ARM.Build.0 = Debug|ARM
		{18C71DB9-CE2B-430E-9BBE-12B8D7233FD7}.Debug|ARM.Deploy.0 = Debug|ARM
		{18C71DB9-CE2B-430E-9BBE-12B8D7233FD7}.Debug|x64.ActiveCfg = Debug|x64
		{18C71DB9-CE2B-430E-9BBE-12B8D7233FD7}.Debug|x64.Build.0 = Debug|x64
		{18C71DB9-CE2B-430E-9BBE-12B8D7233FD7}.Debug|x64.Deploy.0 = Debug|x64
		{18C71DB9-CE2B-430E-9BBE-12B8D7233FD7}.Debug|x86.ActiveCfg = Debug|x86
		{18C71DB9-CE2B-430E-9BBE-12B8D7233FD7}.Debug|x86.Build.0 = Debug|x86
		{18C71DB9-CE2B-430E-9BBE-12B8D7233FD7}.Debug|x86.Deploy.0 = Debug|x86
		{18C71DB9-CE2B-430E-9BBE-12B8D7233FD7}.Release|Any CPU.ActiveCfg = Release|x86
		{18C71DB9-CE2B-430E-9BBE-12B8D7233FD7}.Release|ARM.ActiveCfg = Release|ARM
		{18C71DB9-CE2B-430E-9BBE-12B8D7233FD7}.Release|ARM.Build.0 = Release|ARM
		{18C71DB9-CE2B-430E-9BBE-12B8D7233FD7}.Release|ARM.Deploy.0 = Release|ARM
		{18C71DB9-CE2B-430E-9BBE-12B8D7233FD7}.Release|x64.ActiveCfg = Release|x64
		{18C71DB9-CE2B-430E-9BBE-12B8D7233FD7}.Release|x64.Build.0 = Release|x64
		{18C71DB9-CE2B-430E-9BBE-12B8D7233FD7}.Release|x64.Deploy.0 = Release|x64
		{18C71DB9-CE2B-430E-9BBE-12B8D7233FD7}.Release|x86.ActiveCfg = Release|x86
		{18C71DB9-CE2B-430E-9BBE-12B8D7233FD7}.Release|x86.Build.0 = Release|x86
		{18C71DB9-CE2B-430E-9BBE-12B8D7233FD7}.Release|x86.Deploy.0 = Release|x86
		{E7A11A14-E9E5-4D40-83BD-36B6441A0BD4}.Debug|Any CPU.ActiveCfg = Debug|Any CPU
		{E7A11A14-E9E5-4D40-83BD-36B6441A0BD4}.Debug|Any CPU.Build.0 = Debug|Any CPU
		{E7A11A14-E9E5-4D40-83BD-36B6441A0BD4}.Debug|ARM.ActiveCfg = Debug|ARM
		{E7A11A14-E9E5-4D40-83BD-36B6441A0BD4}.Debug|ARM.Build.0 = Debug|ARM
		{E7A11A14-E9E5-4D40-83BD-36B6441A0BD4}.Debug|x64.ActiveCfg = Debug|x64
		{E7A11A14-E9E5-4D40-83BD-36B6441A0BD4}.Debug|x64.Build.0 = Debug|x64
		{E7A11A14-E9E5-4D40-83BD-36B6441A0BD4}.Debug|x86.ActiveCfg = Debug|x86
		{E7A11A14-E9E5-4D40-83BD-36B6441A0BD4}.Debug|x86.Build.0 = Debug|x86
		{E7A11A14-E9E5-4D40-83BD-36B6441A0BD4}.Release|Any CPU.ActiveCfg = Release|Any CPU
		{E7A11A14-E9E5-4D40-83BD-36B6441A0BD4}.Release|Any CPU.Build.0 = Release|Any CPU
		{E7A11A14-E9E5-4D40-83BD-36B6441A0BD4}.Release|ARM.ActiveCfg = Release|ARM
		{E7A11A14-E9E5-4D40-83BD-36B6441A0BD4}.Release|ARM.Build.0 = Release|ARM
		{E7A11A14-E9E5-4D40-83BD-36B6441A0BD4}.Release|x64.ActiveCfg = Release|x64
		{E7A11A14-E9E5-4D40-83BD-36B6441A0BD4}.Release|x64.Build.0 = Release|x64
		{E7A11A14-E9E5-4D40-83BD-36B6441A0BD4}.Release|x86.ActiveCfg = Release|x86
		{E7A11A14-E9E5-4D40-83BD-36B6441A0BD4}.Release|x86.Build.0 = Release|x86
	EndGlobalSection
	GlobalSection(SolutionProperties) = preSolution
		HideSolutionNode = FALSE
	EndGlobalSection
	GlobalSection(ExtensibilityGlobals) = postSolution
		SolutionGuid = {DF29FABA-4887-4C60-B91E-4B2D7C3BCEFE}
	EndGlobalSection
EndGlobal
